
Microsoft Visual Studio Solution File, Format Version 12.00
# Visual Studio Version 16
VisualStudioVersion = 16.0.29519.87
MinimumVisualStudioVersion = 10.0.40219.1
Project("{FAE04EC0-301F-11D3-BF4B-00C04F79EFBC}") = "11_IfStatements(Compare)", "11_IfStatements(Compare)\11_IfStatements(Compare).csproj", "{47276256-2C0E-4D82-9A1A-63504DF3465C}"
EndProject
Global
	GlobalSection(SolutionConfigurationPlatforms) = preSolution
		Debug|Any CPU = Debug|Any CPU
		Release|Any CPU = Release|Any CPU
	EndGlobalSection
	GlobalSection(ProjectConfigurationPlatforms) = postSolution
		{47276256-2C0E-4D82-9A1A-63504DF3465C}.Debug|Any CPU.ActiveCfg = Debug|Any CPU
		{47276256-2C0E-4D82-9A1A-63504DF3465C}.Debug|Any CPU.Build.0 = Debug|Any CPU
		{47276256-2C0E-4D82-9A1A-63504DF3465C}.Release|Any CPU.ActiveCfg = Release|Any CPU
		{47276256-2C0E-4D82-9A1A-63504DF3465C}.Release|Any CPU.Build.0 = Release|Any CPU
	EndGlobalSection
	GlobalSection(SolutionProperties) = preSolution
		HideSolutionNode = FALSE
	EndGlobalSection
	GlobalSection(ExtensibilityGlobals) = postSolution
		SolutionGuid = {AA0775D7-3DC7-486A-9248-8E2E4DB69D50}
	EndGlobalSection
EndGlobal
