
Microsoft Visual Studio Solution File, Format Version 12.00
# Visual Studio Version 16
VisualStudioVersion = 16.0.29306.81
MinimumVisualStudioVersion = 10.0.40219.1
Project("{FAE04EC0-301F-11D3-BF4B-00C04F79EFBC}") = "3_WorkingWithStrings", "3_WorkingWithStrings\3_WorkingWithStrings.csproj", "{58BFD81D-3AA6-4199-867D-EA74269B489E}"
EndProject
Global
	GlobalSection(SolutionConfigurationPlatforms) = preSolution
		Debug|Any CPU = Debug|Any CPU
		Release|Any CPU = Release|Any CPU
	EndGlobalSection
	GlobalSection(ProjectConfigurationPlatforms) = postSolution
		{58BFD81D-3AA6-4199-867D-EA74269B489E}.Debug|Any CPU.ActiveCfg = Debug|Any CPU
		{58BFD81D-3AA6-4199-867D-EA74269B489E}.Debug|Any CPU.Build.0 = Debug|Any CPU
		{58BFD81D-3AA6-4199-867D-EA74269B489E}.Release|Any CPU.ActiveCfg = Release|Any CPU
		{58BFD81D-3AA6-4199-867D-EA74269B489E}.Release|Any CPU.Build.0 = Release|Any CPU
	EndGlobalSection
	GlobalSection(SolutionProperties) = preSolution
		HideSolutionNode = FALSE
	EndGlobalSection
	GlobalSection(ExtensibilityGlobals) = postSolution
		SolutionGuid = {4D6A3EB5-0692-490E-9B1B-9ACDE6DF5226}
	EndGlobalSection
EndGlobal
