
Microsoft Visual Studio Solution File, Format Version 12.00
# Visual Studio Version 16
VisualStudioVersion = 16.0.29306.81
MinimumVisualStudioVersion = 10.0.40219.1
Project("{FAE04EC0-301F-11D3-BF4B-00C04F79EFBC}") = "6_BuildingACalculator", "6_BuildingACalculator\6_BuildingACalculator.csproj", "{20969FA9-22B3-4217-9EC0-CF3BB951DB6A}"
EndProject
Global
	GlobalSection(SolutionConfigurationPlatforms) = preSolution
		Debug|Any CPU = Debug|Any CPU
		Release|Any CPU = Release|Any CPU
	EndGlobalSection
	GlobalSection(ProjectConfigurationPlatforms) = postSolution
		{20969FA9-22B3-4217-9EC0-CF3BB951DB6A}.Debug|Any CPU.ActiveCfg = Debug|Any CPU
		{20969FA9-22B3-4217-9EC0-CF3BB951DB6A}.Debug|Any CPU.Build.0 = Debug|Any CPU
		{20969FA9-22B3-4217-9EC0-CF3BB951DB6A}.Release|Any CPU.ActiveCfg = Release|Any CPU
		{20969FA9-22B3-4217-9EC0-CF3BB951DB6A}.Release|Any CPU.Build.0 = Release|Any CPU
	EndGlobalSection
	GlobalSection(SolutionProperties) = preSolution
		HideSolutionNode = FALSE
	EndGlobalSection
	GlobalSection(ExtensibilityGlobals) = postSolution
		SolutionGuid = {62DA5AF9-5536-4A6C-8B7F-BEF56C8EC69F}
	EndGlobalSection
EndGlobal
