
Microsoft Visual Studio Solution File, Format Version 12.00
# Visual Studio Version 16
VisualStudioVersion = 16.0.29306.81
MinimumVisualStudioVersion = 10.0.40219.1
Project("{FAE04EC0-301F-11D3-BF4B-00C04F79EFBC}") = "8_Methods", "8_Methods\8_Methods.csproj", "{B834C24E-F091-4FB4-8D9D-8525E4080E5F}"
EndProject
Global
	GlobalSection(SolutionConfigurationPlatforms) = preSolution
		Debug|Any CPU = Debug|Any CPU
		Release|Any CPU = Release|Any CPU
	EndGlobalSection
	GlobalSection(ProjectConfigurationPlatforms) = postSolution
		{B834C24E-F091-4FB4-8D9D-8525E4080E5F}.Debug|Any CPU.ActiveCfg = Debug|Any CPU
		{B834C24E-F091-4FB4-8D9D-8525E4080E5F}.Debug|Any CPU.Build.0 = Debug|Any CPU
		{B834C24E-F091-4FB4-8D9D-8525E4080E5F}.Release|Any CPU.ActiveCfg = Release|Any CPU
		{B834C24E-F091-4FB4-8D9D-8525E4080E5F}.Release|Any CPU.Build.0 = Release|Any CPU
	EndGlobalSection
	GlobalSection(SolutionProperties) = preSolution
		HideSolutionNode = FALSE
	EndGlobalSection
	GlobalSection(ExtensibilityGlobals) = postSolution
		SolutionGuid = {A17D7887-7AF4-4301-94B1-4AD27C8C8F03}
	EndGlobalSection
EndGlobal
